
Microsoft Visual Studio Solution File, Format Version 12.00
# Visual Studio 15
VisualStudioVersion = 15.0.28307.1062
MinimumVisualStudioVersion = 10.0.40219.1
Project("{FAE04EC0-301F-11D3-BF4B-00C04F79EFBC}") = "Muistipeli Actual", "Muistipeli Actual\Muistipeli Actual.csproj", "{10877C20-B265-4CE8-8E26-F58CF31EBC00}"
EndProject
Global
	GlobalSection(SolutionConfigurationPlatforms) = preSolution
		Debug|Any CPU = Debug|Any CPU
		Release|Any CPU = Release|Any CPU
	EndGlobalSection
	GlobalSection(ProjectConfigurationPlatforms) = postSolution
		{10877C20-B265-4CE8-8E26-F58CF31EBC00}.Debug|Any CPU.ActiveCfg = Debug|Any CPU
		{10877C20-B265-4CE8-8E26-F58CF31EBC00}.Debug|Any CPU.Build.0 = Debug|Any CPU
		{10877C20-B265-4CE8-8E26-F58CF31EBC00}.Release|Any CPU.ActiveCfg = Release|Any CPU
		{10877C20-B265-4CE8-8E26-F58CF31EBC00}.Release|Any CPU.Build.0 = Release|Any CPU
	EndGlobalSection
	GlobalSection(SolutionProperties) = preSolution
		HideSolutionNode = FALSE
	EndGlobalSection
	GlobalSection(ExtensibilityGlobals) = postSolution
		SolutionGuid = {34DBB1D6-E669-4335-B56E-73EAAA82B1A7}
	EndGlobalSection
EndGlobal
